
Microsoft Visual Studio Solution File, Format Version 12.00
# Visual Studio 15
VisualStudioVersion = 15.0.27428.2037
MinimumVisualStudioVersion = 10.0.40219.1
Project("{FAE04EC0-301F-11D3-BF4B-00C04F79EFBC}") = "kks_osr2Link", "kks_osr2Link.csproj", "{32362D2F-7035-4CD5-B690-D2EA49F8CF0F}"
EndProject
Global
	GlobalSection(SolutionConfigurationPlatforms) = preSolution
		Debug|Any CPU = Debug|Any CPU
		Release|Any CPU = Release|Any CPU
	EndGlobalSection
	GlobalSection(ProjectConfigurationPlatforms) = postSolution
		{32362D2F-7035-4CD5-B690-D2EA49F8CF0F}.Debug|Any CPU.ActiveCfg = Debug|Any CPU
		{32362D2F-7035-4CD5-B690-D2EA49F8CF0F}.Debug|Any CPU.Build.0 = Debug|Any CPU
		{32362D2F-7035-4CD5-B690-D2EA49F8CF0F}.Release|Any CPU.ActiveCfg = Release|Any CPU
		{32362D2F-7035-4CD5-B690-D2EA49F8CF0F}.Release|Any CPU.Build.0 = Release|Any CPU
	EndGlobalSection
	GlobalSection(SolutionProperties) = preSolution
		HideSolutionNode = FALSE
	EndGlobalSection
	GlobalSection(ExtensibilityGlobals) = postSolution
		SolutionGuid = {4E457CC7-4A1F-4C3F-9C31-85C862A74D00}
	EndGlobalSection
EndGlobal
